// !$*UTF8*$!
{
	archiveVersion = 1;
	classes = {
	};
	objectVersion = 51;
	objects = {

/* Begin PBXBuildFile section */
		41FFA08FAB2254CDC5F0D3E5 /* Pods_PeggleTests.framework in Frameworks */ = {isa = PBXBuildFile; fileRef = 89497ECDF8DA3442D18EFEAB /* Pods_PeggleTests.framework */; };
		8616478823E9414800D18CBB /* LevelDelegate.swift in Sources */ = {isa = PBXBuildFile; fileRef = 869A4BDF23E70D2F00D14975 /* LevelDelegate.swift */; };
		8616478923E9414800D18CBB /* LevelDelegate.swift in Sources */ = {isa = PBXBuildFile; fileRef = 869A4BDF23E70D2F00D14975 /* LevelDelegate.swift */; };
		8616478A23E9415500D18CBB /* Peg.swift in Sources */ = {isa = PBXBuildFile; fileRef = 8690BC4B23DF0B5B0077F6E6 /* Peg.swift */; };
		8616478B23E9415800D18CBB /* PegType.swift in Sources */ = {isa = PBXBuildFile; fileRef = 869A4BE723E83D5100D14975 /* PegType.swift */; };
		8616478C23E9415800D18CBB /* PegType.swift in Sources */ = {isa = PBXBuildFile; fileRef = 869A4BE723E83D5100D14975 /* PegType.swift */; };
		8616478D23E9415B00D18CBB /* Level.swift in Sources */ = {isa = PBXBuildFile; fileRef = 8690BC4E23DF0BA50077F6E6 /* Level.swift */; };
		8616478E23E9415E00D18CBB /* PegData.swift in Sources */ = {isa = PBXBuildFile; fileRef = 869A4BDB23E70B9B00D14975 /* PegData.swift */; };
		8616478F23E9415E00D18CBB /* PegData.swift in Sources */ = {isa = PBXBuildFile; fileRef = 869A4BDB23E70B9B00D14975 /* PegData.swift */; };
		8616479023E9416000D18CBB /* LevelData.swift in Sources */ = {isa = PBXBuildFile; fileRef = 869A4BDD23E70BA100D14975 /* LevelData.swift */; };
		8616479123E9416100D18CBB /* LevelData.swift in Sources */ = {isa = PBXBuildFile; fileRef = 869A4BDD23E70BA100D14975 /* LevelData.swift */; };
		8616479223E9416200D18CBB /* Store.swift in Sources */ = {isa = PBXBuildFile; fileRef = 869A4BE323E74EB300D14975 /* Store.swift */; };
		8616479323E9416300D18CBB /* Store.swift in Sources */ = {isa = PBXBuildFile; fileRef = 869A4BE323E74EB300D14975 /* Store.swift */; };
		8616479623E9417800D18CBB /* Settings.swift in Sources */ = {isa = PBXBuildFile; fileRef = 86AAFE7123E54B6200728E75 /* Settings.swift */; };
		8616479723E9417A00D18CBB /* Settings.swift in Sources */ = {isa = PBXBuildFile; fileRef = 86AAFE7123E54B6200728E75 /* Settings.swift */; };
		8616479823E9418B00D18CBB /* CGPoint+Distance.swift in Sources */ = {isa = PBXBuildFile; fileRef = 8693ADF223E1AE5900776F93 /* CGPoint+Distance.swift */; };
		8616479923E9418C00D18CBB /* CGPoint+Distance.swift in Sources */ = {isa = PBXBuildFile; fileRef = 8693ADF223E1AE5900776F93 /* CGPoint+Distance.swift */; };
		8616479B23E9418E00D18CBB /* CGPoint+Hashable.swift in Sources */ = {isa = PBXBuildFile; fileRef = 86929AC023E3042F004E76DF /* CGPoint+Hashable.swift */; };
		8616479C23E9419000D18CBB /* BiMap.swift in Sources */ = {isa = PBXBuildFile; fileRef = 86EC417123E4954F00C208A5 /* BiMap.swift */; };
		8616479D23E9419000D18CBB /* BiMap.swift in Sources */ = {isa = PBXBuildFile; fileRef = 86EC417123E4954F00C208A5 /* BiMap.swift */; };
		868CC13C23DDF64900BF603F /* AppDelegate.swift in Sources */ = {isa = PBXBuildFile; fileRef = 868CC13B23DDF64900BF603F /* AppDelegate.swift */; };
		868CC13E23DDF64900BF603F /* SceneDelegate.swift in Sources */ = {isa = PBXBuildFile; fileRef = 868CC13D23DDF64900BF603F /* SceneDelegate.swift */; };
		868CC14023DDF64900BF603F /* LevelDesignerController.swift in Sources */ = {isa = PBXBuildFile; fileRef = 868CC13F23DDF64900BF603F /* LevelDesignerController.swift */; };
		868CC14323DDF64900BF603F /* Main.storyboard in Resources */ = {isa = PBXBuildFile; fileRef = 868CC14123DDF64900BF603F /* Main.storyboard */; };
		868CC14823DDF64C00BF603F /* Assets.xcassets in Resources */ = {isa = PBXBuildFile; fileRef = 868CC14723DDF64C00BF603F /* Assets.xcassets */; };
		868CC14B23DDF64C00BF603F /* LaunchScreen.storyboard in Resources */ = {isa = PBXBuildFile; fileRef = 868CC14923DDF64C00BF603F /* LaunchScreen.storyboard */; };
		868CC15623DDF64C00BF603F /* BiMapTests.swift in Sources */ = {isa = PBXBuildFile; fileRef = 868CC15523DDF64C00BF603F /* BiMapTests.swift */; };
		868CC16123DDF64C00BF603F /* PeggleUITests.swift in Sources */ = {isa = PBXBuildFile; fileRef = 868CC16023DDF64C00BF603F /* PeggleUITests.swift */; };
		8690BC4C23DF0B5B0077F6E6 /* Peg.swift in Sources */ = {isa = PBXBuildFile; fileRef = 8690BC4B23DF0B5B0077F6E6 /* Peg.swift */; };
		8690BC4D23DF0B5B0077F6E6 /* Peg.swift in Sources */ = {isa = PBXBuildFile; fileRef = 8690BC4B23DF0B5B0077F6E6 /* Peg.swift */; };
		8690BC4F23DF0BA50077F6E6 /* Level.swift in Sources */ = {isa = PBXBuildFile; fileRef = 8690BC4E23DF0BA50077F6E6 /* Level.swift */; };
		8690BC5023DF0BA50077F6E6 /* Level.swift in Sources */ = {isa = PBXBuildFile; fileRef = 8690BC4E23DF0BA50077F6E6 /* Level.swift */; };
		86929AC123E3042F004E76DF /* CGPoint+Hashable.swift in Sources */ = {isa = PBXBuildFile; fileRef = 86929AC023E3042F004E76DF /* CGPoint+Hashable.swift */; };
		8693ADF123DF5A3E00776F93 /* PegControl.swift in Sources */ = {isa = PBXBuildFile; fileRef = 8693ADF023DF5A3E00776F93 /* PegControl.swift */; };
		8693ADF323E1AE5900776F93 /* CGPoint+Distance.swift in Sources */ = {isa = PBXBuildFile; fileRef = 8693ADF223E1AE5900776F93 /* CGPoint+Distance.swift */; };
		869A4BDC23E70B9B00D14975 /* PegData.swift in Sources */ = {isa = PBXBuildFile; fileRef = 869A4BDB23E70B9B00D14975 /* PegData.swift */; };
		869A4BDE23E70BA100D14975 /* LevelData.swift in Sources */ = {isa = PBXBuildFile; fileRef = 869A4BDD23E70BA100D14975 /* LevelData.swift */; };
		869A4BE023E70D2F00D14975 /* LevelDelegate.swift in Sources */ = {isa = PBXBuildFile; fileRef = 869A4BDF23E70D2F00D14975 /* LevelDelegate.swift */; };
		869A4BE423E74EB300D14975 /* Store.swift in Sources */ = {isa = PBXBuildFile; fileRef = 869A4BE323E74EB300D14975 /* Store.swift */; };
		869A4BE623E82A6B00D14975 /* Dialogs.swift in Sources */ = {isa = PBXBuildFile; fileRef = 869A4BE523E82A6B00D14975 /* Dialogs.swift */; };
		869A4BE823E83D5100D14975 /* PegType.swift in Sources */ = {isa = PBXBuildFile; fileRef = 869A4BE723E83D5100D14975 /* PegType.swift */; };
		869A4BEA23E8587600D14975 /* LevelLoaderController.swift in Sources */ = {isa = PBXBuildFile; fileRef = 869A4BE923E8587600D14975 /* LevelLoaderController.swift */; };
		869A4BEC23E85CE400D14975 /* LevelTableViewCell.swift in Sources */ = {isa = PBXBuildFile; fileRef = 869A4BEB23E85CE400D14975 /* LevelTableViewCell.swift */; };
		86AAFE7223E54B6200728E75 /* Settings.swift in Sources */ = {isa = PBXBuildFile; fileRef = 86AAFE7123E54B6200728E75 /* Settings.swift */; };
		86AAFE7423E580B400728E75 /* LevelDesignerController+LevelDelegate.swift in Sources */ = {isa = PBXBuildFile; fileRef = 86AAFE7323E580B400728E75 /* LevelDesignerController+LevelDelegate.swift */; };
		86AAFE7623E5884D00728E75 /* LevelDesignerController+Gesture.swift in Sources */ = {isa = PBXBuildFile; fileRef = 86AAFE7523E5884D00728E75 /* LevelDesignerController+Gesture.swift */; };
		86C6737123E976F100D5F206 /* LevelDesigner.swift in Sources */ = {isa = PBXBuildFile; fileRef = 86C6737023E976F100D5F206 /* LevelDesigner.swift */; };
		86EC417223E4954F00C208A5 /* BiMap.swift in Sources */ = {isa = PBXBuildFile; fileRef = 86EC417123E4954F00C208A5 /* BiMap.swift */; };
		BF097AC6A7AF088167CED765 /* Pods_Peggle.framework in Frameworks */ = {isa = PBXBuildFile; fileRef = 1025EA551CE798D8EB3405F8 /* Pods_Peggle.framework */; };
		DD7FB5720183896DC61F5E43 /* Pods_Peggle_PeggleUITests.framework in Frameworks */ = {isa = PBXBuildFile; fileRef = 5A2B22B49843D6AC1859DFB2 /* Pods_Peggle_PeggleUITests.framework */; };
/* End PBXBuildFile section */

/* Begin PBXContainerItemProxy section */
		868CC15223DDF64C00BF603F /* PBXContainerItemProxy */ = {
			isa = PBXContainerItemProxy;
			containerPortal = 868CC13023DDF64900BF603F /* Project object */;
			proxyType = 1;
			remoteGlobalIDString = 868CC13723DDF64900BF603F;
			remoteInfo = Peggle;
		};
		868CC15D23DDF64C00BF603F /* PBXContainerItemProxy */ = {
			isa = PBXContainerItemProxy;
			containerPortal = 868CC13023DDF64900BF603F /* Project object */;
			proxyType = 1;
			remoteGlobalIDString = 868CC13723DDF64900BF603F;
			remoteInfo = Peggle;
		};
/* End PBXContainerItemProxy section */

/* Begin PBXFileReference section */
		1025EA551CE798D8EB3405F8 /* Pods_Peggle.framework */ = {isa = PBXFileReference; explicitFileType = wrapper.framework; includeInIndex = 0; path = Pods_Peggle.framework; sourceTree = BUILT_PRODUCTS_DIR; };
		1E1E616C7BD9C8A00AAEC886 /* Pods-PeggleTests.debug.xcconfig */ = {isa = PBXFileReference; includeInIndex = 1; lastKnownFileType = text.xcconfig; name = "Pods-PeggleTests.debug.xcconfig"; path = "Target Support Files/Pods-PeggleTests/Pods-PeggleTests.debug.xcconfig"; sourceTree = "<group>"; };
		5A2B22B49843D6AC1859DFB2 /* Pods_Peggle_PeggleUITests.framework */ = {isa = PBXFileReference; explicitFileType = wrapper.framework; includeInIndex = 0; path = Pods_Peggle_PeggleUITests.framework; sourceTree = BUILT_PRODUCTS_DIR; };
		868CC13823DDF64900BF603F /* Peggle.app */ = {isa = PBXFileReference; explicitFileType = wrapper.application; includeInIndex = 0; path = Peggle.app; sourceTree = BUILT_PRODUCTS_DIR; };
		868CC13B23DDF64900BF603F /* AppDelegate.swift */ = {isa = PBXFileReference; lastKnownFileType = sourcecode.swift; path = AppDelegate.swift; sourceTree = "<group>"; };
		868CC13D23DDF64900BF603F /* SceneDelegate.swift */ = {isa = PBXFileReference; lastKnownFileType = sourcecode.swift; path = SceneDelegate.swift; sourceTree = "<group>"; };
		868CC13F23DDF64900BF603F /* LevelDesignerController.swift */ = {isa = PBXFileReference; lastKnownFileType = sourcecode.swift; path = LevelDesignerController.swift; sourceTree = "<group>"; };
		868CC14223DDF64900BF603F /* Base */ = {isa = PBXFileReference; lastKnownFileType = file.storyboard; name = Base; path = Base.lproj/Main.storyboard; sourceTree = "<group>"; };
		868CC14723DDF64C00BF603F /* Assets.xcassets */ = {isa = PBXFileReference; lastKnownFileType = folder.assetcatalog; path = Assets.xcassets; sourceTree = "<group>"; };
		868CC14A23DDF64C00BF603F /* Base */ = {isa = PBXFileReference; lastKnownFileType = file.storyboard; name = Base; path = Base.lproj/LaunchScreen.storyboard; sourceTree = "<group>"; };
		868CC14C23DDF64C00BF603F /* Info.plist */ = {isa = PBXFileReference; lastKnownFileType = text.plist.xml; path = Info.plist; sourceTree = "<group>"; };
		868CC15123DDF64C00BF603F /* PeggleTests.xctest */ = {isa = PBXFileReference; explicitFileType = wrapper.cfbundle; includeInIndex = 0; path = PeggleTests.xctest; sourceTree = BUILT_PRODUCTS_DIR; };
		868CC15523DDF64C00BF603F /* BiMapTests.swift */ = {isa = PBXFileReference; lastKnownFileType = sourcecode.swift; path = BiMapTests.swift; sourceTree = "<group>"; };
		868CC15723DDF64C00BF603F /* Info.plist */ = {isa = PBXFileReference; lastKnownFileType = text.plist.xml; path = Info.plist; sourceTree = "<group>"; };
		868CC15C23DDF64C00BF603F /* PeggleUITests.xctest */ = {isa = PBXFileReference; explicitFileType = wrapper.cfbundle; includeInIndex = 0; path = PeggleUITests.xctest; sourceTree = BUILT_PRODUCTS_DIR; };
		868CC16023DDF64C00BF603F /* PeggleUITests.swift */ = {isa = PBXFileReference; lastKnownFileType = sourcecode.swift; path = PeggleUITests.swift; sourceTree = "<group>"; };
		868CC16223DDF64C00BF603F /* Info.plist */ = {isa = PBXFileReference; lastKnownFileType = text.plist.xml; path = Info.plist; sourceTree = "<group>"; };
		8690BC4B23DF0B5B0077F6E6 /* Peg.swift */ = {isa = PBXFileReference; lastKnownFileType = sourcecode.swift; path = Peg.swift; sourceTree = "<group>"; };
		8690BC4E23DF0BA50077F6E6 /* Level.swift */ = {isa = PBXFileReference; lastKnownFileType = sourcecode.swift; path = Level.swift; sourceTree = "<group>"; };
		86929AC023E3042F004E76DF /* CGPoint+Hashable.swift */ = {isa = PBXFileReference; lastKnownFileType = sourcecode.swift; path = "CGPoint+Hashable.swift"; sourceTree = "<group>"; };
		8693ADF023DF5A3E00776F93 /* PegControl.swift */ = {isa = PBXFileReference; lastKnownFileType = sourcecode.swift; path = PegControl.swift; sourceTree = "<group>"; };
		8693ADF223E1AE5900776F93 /* CGPoint+Distance.swift */ = {isa = PBXFileReference; lastKnownFileType = sourcecode.swift; path = "CGPoint+Distance.swift"; sourceTree = "<group>"; };
		869A4BDB23E70B9B00D14975 /* PegData.swift */ = {isa = PBXFileReference; lastKnownFileType = sourcecode.swift; path = PegData.swift; sourceTree = "<group>"; };
		869A4BDD23E70BA100D14975 /* LevelData.swift */ = {isa = PBXFileReference; lastKnownFileType = sourcecode.swift; path = LevelData.swift; sourceTree = "<group>"; };
		869A4BDF23E70D2F00D14975 /* LevelDelegate.swift */ = {isa = PBXFileReference; lastKnownFileType = sourcecode.swift; path = LevelDelegate.swift; sourceTree = "<group>"; };
		869A4BE323E74EB300D14975 /* Store.swift */ = {isa = PBXFileReference; lastKnownFileType = sourcecode.swift; path = Store.swift; sourceTree = "<group>"; };
		869A4BE523E82A6B00D14975 /* Dialogs.swift */ = {isa = PBXFileReference; lastKnownFileType = sourcecode.swift; name = Dialogs.swift; path = Peggle/Views/Dialogs.swift; sourceTree = SOURCE_ROOT; };
		869A4BE723E83D5100D14975 /* PegType.swift */ = {isa = PBXFileReference; lastKnownFileType = sourcecode.swift; path = PegType.swift; sourceTree = "<group>"; };
		869A4BE923E8587600D14975 /* LevelLoaderController.swift */ = {isa = PBXFileReference; lastKnownFileType = sourcecode.swift; path = LevelLoaderController.swift; sourceTree = "<group>"; };
		869A4BEB23E85CE400D14975 /* LevelTableViewCell.swift */ = {isa = PBXFileReference; lastKnownFileType = sourcecode.swift; path = LevelTableViewCell.swift; sourceTree = "<group>"; };
		86AAFE7123E54B6200728E75 /* Settings.swift */ = {isa = PBXFileReference; lastKnownFileType = sourcecode.swift; path = Settings.swift; sourceTree = "<group>"; };
		86AAFE7323E580B400728E75 /* LevelDesignerController+LevelDelegate.swift */ = {isa = PBXFileReference; lastKnownFileType = sourcecode.swift; path = "LevelDesignerController+LevelDelegate.swift"; sourceTree = "<group>"; };
		86AAFE7523E5884D00728E75 /* LevelDesignerController+Gesture.swift */ = {isa = PBXFileReference; lastKnownFileType = sourcecode.swift; path = "LevelDesignerController+Gesture.swift"; sourceTree = "<group>"; };
		86C6737023E976F100D5F206 /* LevelDesigner.swift */ = {isa = PBXFileReference; lastKnownFileType = sourcecode.swift; path = LevelDesigner.swift; sourceTree = "<group>"; };
		86EC417123E4954F00C208A5 /* BiMap.swift */ = {isa = PBXFileReference; lastKnownFileType = sourcecode.swift; path = BiMap.swift; sourceTree = "<group>"; };
		89497ECDF8DA3442D18EFEAB /* Pods_PeggleTests.framework */ = {isa = PBXFileReference; explicitFileType = wrapper.framework; includeInIndex = 0; path = Pods_PeggleTests.framework; sourceTree = BUILT_PRODUCTS_DIR; };
		8F814961264A38C4B605BE35 /* Pods-Peggle.release.xcconfig */ = {isa = PBXFileReference; includeInIndex = 1; lastKnownFileType = text.xcconfig; name = "Pods-Peggle.release.xcconfig"; path = "Target Support Files/Pods-Peggle/Pods-Peggle.release.xcconfig"; sourceTree = "<group>"; };
		BB0C4C841C90BA92A2A72BA7 /* Pods-Peggle.debug.xcconfig */ = {isa = PBXFileReference; includeInIndex = 1; lastKnownFileType = text.xcconfig; name = "Pods-Peggle.debug.xcconfig"; path = "Target Support Files/Pods-Peggle/Pods-Peggle.debug.xcconfig"; sourceTree = "<group>"; };
		C108F7C5B54823866A12EB3E /* Pods-Peggle-PeggleUITests.debug.xcconfig */ = {isa = PBXFileReference; includeInIndex = 1; lastKnownFileType = text.xcconfig; name = "Pods-Peggle-PeggleUITests.debug.xcconfig"; path = "Target Support Files/Pods-Peggle-PeggleUITests/Pods-Peggle-PeggleUITests.debug.xcconfig"; sourceTree = "<group>"; };
		C4E486D23BAD4AB714FDED61 /* Pods-PeggleTests.release.xcconfig */ = {isa = PBXFileReference; includeInIndex = 1; lastKnownFileType = text.xcconfig; name = "Pods-PeggleTests.release.xcconfig"; path = "Target Support Files/Pods-PeggleTests/Pods-PeggleTests.release.xcconfig"; sourceTree = "<group>"; };
		E3BCB5A9985BC273BDA37AEF /* Pods-Peggle-PeggleUITests.release.xcconfig */ = {isa = PBXFileReference; includeInIndex = 1; lastKnownFileType = text.xcconfig; name = "Pods-Peggle-PeggleUITests.release.xcconfig"; path = "Target Support Files/Pods-Peggle-PeggleUITests/Pods-Peggle-PeggleUITests.release.xcconfig"; sourceTree = "<group>"; };
/* End PBXFileReference section */

/* Begin PBXFrameworksBuildPhase section */
		868CC13523DDF64900BF603F /* Frameworks */ = {
			isa = PBXFrameworksBuildPhase;
			buildActionMask = 2147483647;
			files = (
				BF097AC6A7AF088167CED765 /* Pods_Peggle.framework in Frameworks */,
			);
			runOnlyForDeploymentPostprocessing = 0;
		};
		868CC14E23DDF64C00BF603F /* Frameworks */ = {
			isa = PBXFrameworksBuildPhase;
			buildActionMask = 2147483647;
			files = (
				41FFA08FAB2254CDC5F0D3E5 /* Pods_PeggleTests.framework in Frameworks */,
			);
			runOnlyForDeploymentPostprocessing = 0;
		};
		868CC15923DDF64C00BF603F /* Frameworks */ = {
			isa = PBXFrameworksBuildPhase;
			buildActionMask = 2147483647;
			files = (
				DD7FB5720183896DC61F5E43 /* Pods_Peggle_PeggleUITests.framework in Frameworks */,
			);
			runOnlyForDeploymentPostprocessing = 0;
		};
/* End PBXFrameworksBuildPhase section */

/* Begin PBXGroup section */
		471672348C68833B71010AEE /* Frameworks */ = {
			isa = PBXGroup;
			children = (
				1025EA551CE798D8EB3405F8 /* Pods_Peggle.framework */,
				89497ECDF8DA3442D18EFEAB /* Pods_PeggleTests.framework */,
				5A2B22B49843D6AC1859DFB2 /* Pods_Peggle_PeggleUITests.framework */,
			);
			name = Frameworks;
			sourceTree = "<group>";
		};
		868CC12F23DDF64900BF603F = {
			isa = PBXGroup;
			children = (
				868CC13A23DDF64900BF603F /* Peggle */,
				868CC15423DDF64C00BF603F /* PeggleTests */,
				868CC15F23DDF64C00BF603F /* PeggleUITests */,
				868CC13923DDF64900BF603F /* Products */,
				F71662BE6C4262F14A18946D /* Pods */,
				471672348C68833B71010AEE /* Frameworks */,
			);
			sourceTree = "<group>";
		};
		868CC13923DDF64900BF603F /* Products */ = {
			isa = PBXGroup;
			children = (
				868CC13823DDF64900BF603F /* Peggle.app */,
				868CC15123DDF64C00BF603F /* PeggleTests.xctest */,
				868CC15C23DDF64C00BF603F /* PeggleUITests.xctest */,
			);
			name = Products;
			sourceTree = "<group>";
		};
		868CC13A23DDF64900BF603F /* Peggle */ = {
			isa = PBXGroup;
			children = (
				8690BC4A23DF0B2D0077F6E6 /* Models */,
				86929ACE23E3D8D0004E76DF /* Views */,
				86929ACD23E3D8B6004E76DF /* Controllers */,
				86929ACF23E3D90E004E76DF /* Helpers */,
				868CC13B23DDF64900BF603F /* AppDelegate.swift */,
				868CC13D23DDF64900BF603F /* SceneDelegate.swift */,
				868CC14723DDF64C00BF603F /* Assets.xcassets */,
				868CC14C23DDF64C00BF603F /* Info.plist */,
				86AAFE7123E54B6200728E75 /* Settings.swift */,
			);
			path = Peggle;
			sourceTree = "<group>";
		};
		868CC15423DDF64C00BF603F /* PeggleTests */ = {
			isa = PBXGroup;
			children = (
				868CC15523DDF64C00BF603F /* BiMapTests.swift */,
				868CC15723DDF64C00BF603F /* Info.plist */,
			);
			path = PeggleTests;
			sourceTree = "<group>";
		};
		868CC15F23DDF64C00BF603F /* PeggleUITests */ = {
			isa = PBXGroup;
			children = (
				868CC16023DDF64C00BF603F /* PeggleUITests.swift */,
				868CC16223DDF64C00BF603F /* Info.plist */,
			);
			path = PeggleUITests;
			sourceTree = "<group>";
		};
		8690BC4A23DF0B2D0077F6E6 /* Models */ = {
			isa = PBXGroup;
			children = (
				8690BC4B23DF0B5B0077F6E6 /* Peg.swift */,
				869A4BE723E83D5100D14975 /* PegType.swift */,
				8690BC4E23DF0BA50077F6E6 /* Level.swift */,
				869A4BDF23E70D2F00D14975 /* LevelDelegate.swift */,
				86C6737023E976F100D5F206 /* LevelDesigner.swift */,
				869A4BE323E74EB300D14975 /* Store.swift */,
				869A4BDB23E70B9B00D14975 /* PegData.swift */,
				869A4BDD23E70BA100D14975 /* LevelData.swift */,
			);
			path = Models;
			sourceTree = "<group>";
		};
		86929ACD23E3D8B6004E76DF /* Controllers */ = {
			isa = PBXGroup;
			children = (
				868CC13F23DDF64900BF603F /* LevelDesignerController.swift */,
				86AAFE7323E580B400728E75 /* LevelDesignerController+LevelDelegate.swift */,
				86AAFE7523E5884D00728E75 /* LevelDesignerController+Gesture.swift */,
				869A4BE923E8587600D14975 /* LevelLoaderController.swift */,
				869A4BEB23E85CE400D14975 /* LevelTableViewCell.swift */,
			);
			path = Controllers;
			sourceTree = "<group>";
		};
		86929ACE23E3D8D0004E76DF /* Views */ = {
			isa = PBXGroup;
			children = (
				869A4BE523E82A6B00D14975 /* Dialogs.swift */,
				8693ADF023DF5A3E00776F93 /* PegControl.swift */,
				868CC14123DDF64900BF603F /* Main.storyboard */,
				868CC14923DDF64C00BF603F /* LaunchScreen.storyboard */,
			);
			path = Views;
			sourceTree = "<group>";
		};
		86929ACF23E3D90E004E76DF /* Helpers */ = {
			isa = PBXGroup;
			children = (
				86EC417123E4954F00C208A5 /* BiMap.swift */,
				8693ADF223E1AE5900776F93 /* CGPoint+Distance.swift */,
				86929AC023E3042F004E76DF /* CGPoint+Hashable.swift */,
			);
			path = Helpers;
			sourceTree = "<group>";
		};
		F71662BE6C4262F14A18946D /* Pods */ = {
			isa = PBXGroup;
			children = (
				BB0C4C841C90BA92A2A72BA7 /* Pods-Peggle.debug.xcconfig */,
				8F814961264A38C4B605BE35 /* Pods-Peggle.release.xcconfig */,
				1E1E616C7BD9C8A00AAEC886 /* Pods-PeggleTests.debug.xcconfig */,
				C4E486D23BAD4AB714FDED61 /* Pods-PeggleTests.release.xcconfig */,
				C108F7C5B54823866A12EB3E /* Pods-Peggle-PeggleUITests.debug.xcconfig */,
				E3BCB5A9985BC273BDA37AEF /* Pods-Peggle-PeggleUITests.release.xcconfig */,
			);
			path = Pods;
			sourceTree = "<group>";
		};
/* End PBXGroup section */

/* Begin PBXNativeTarget section */
		868CC13723DDF64900BF603F /* Peggle */ = {
			isa = PBXNativeTarget;
			buildConfigurationList = 868CC16523DDF64C00BF603F /* Build configuration list for PBXNativeTarget "Peggle" */;
			buildPhases = (
				749A9330FE77812CDB493080 /* [CP] Check Pods Manifest.lock */,
				868CC13423DDF64900BF603F /* Sources */,
				868CC13523DDF64900BF603F /* Frameworks */,
				868CC13623DDF64900BF603F /* Resources */,
				12D769B5019B245A3B3D38A4 /* [CP] Embed Pods Frameworks */,
				867D2E7323E6C15D004E8DAA /* ShellScript */,
			);
			buildRules = (
			);
			dependencies = (
			);
			name = Peggle;
			productName = Peggle;
			productReference = 868CC13823DDF64900BF603F /* Peggle.app */;
			productType = "com.apple.product-type.application";
		};
		868CC15023DDF64C00BF603F /* PeggleTests */ = {
			isa = PBXNativeTarget;
			buildConfigurationList = 868CC16823DDF64C00BF603F /* Build configuration list for PBXNativeTarget "PeggleTests" */;
			buildPhases = (
				611503C02B7B93F11DD1ED77 /* [CP] Check Pods Manifest.lock */,
				868CC14D23DDF64C00BF603F /* Sources */,
				868CC14E23DDF64C00BF603F /* Frameworks */,
				868CC14F23DDF64C00BF603F /* Resources */,
			);
			buildRules = (
			);
			dependencies = (
				868CC15323DDF64C00BF603F /* PBXTargetDependency */,
			);
			name = PeggleTests;
			productName = PeggleTests;
			productReference = 868CC15123DDF64C00BF603F /* PeggleTests.xctest */;
			productType = "com.apple.product-type.bundle.unit-test";
		};
		868CC15B23DDF64C00BF603F /* PeggleUITests */ = {
			isa = PBXNativeTarget;
			buildConfigurationList = 868CC16B23DDF64C00BF603F /* Build configuration list for PBXNativeTarget "PeggleUITests" */;
			buildPhases = (
				52776F7A4796EAC83C4EE5A7 /* [CP] Check Pods Manifest.lock */,
				868CC15823DDF64C00BF603F /* Sources */,
				868CC15923DDF64C00BF603F /* Frameworks */,
				868CC15A23DDF64C00BF603F /* Resources */,
				0A1D20867735981C8C55BBD3 /* [CP] Embed Pods Frameworks */,
			);
			buildRules = (
			);
			dependencies = (
				868CC15E23DDF64C00BF603F /* PBXTargetDependency */,
			);
			name = PeggleUITests;
			productName = PeggleUITests;
			productReference = 868CC15C23DDF64C00BF603F /* PeggleUITests.xctest */;
			productType = "com.apple.product-type.bundle.ui-testing";
		};
/* End PBXNativeTarget section */

/* Begin PBXProject section */
		868CC13023DDF64900BF603F /* Project object */ = {
			isa = PBXProject;
			attributes = {
				LastSwiftUpdateCheck = 1130;
				LastUpgradeCheck = 1130;
				ORGANIZATIONNAME = "Shawn Koh";
				TargetAttributes = {
					868CC13723DDF64900BF603F = {
						CreatedOnToolsVersion = 11.3.1;
					};
					868CC15023DDF64C00BF603F = {
						CreatedOnToolsVersion = 11.3.1;
						TestTargetID = 868CC13723DDF64900BF603F;
					};
					868CC15B23DDF64C00BF603F = {
						CreatedOnToolsVersion = 11.3.1;
						TestTargetID = 868CC13723DDF64900BF603F;
					};
				};
			};
			buildConfigurationList = 868CC13323DDF64900BF603F /* Build configuration list for PBXProject "Peggle" */;
			compatibilityVersion = "Xcode 9.3";
			developmentRegion = en;
			hasScannedForEncodings = 0;
			knownRegions = (
				en,
				Base,
			);
			mainGroup = 868CC12F23DDF64900BF603F;
			productRefGroup = 868CC13923DDF64900BF603F /* Products */;
			projectDirPath = "";
			projectRoot = "";
			targets = (
				868CC13723DDF64900BF603F /* Peggle */,
				868CC15023DDF64C00BF603F /* PeggleTests */,
				868CC15B23DDF64C00BF603F /* PeggleUITests */,
			);
		};
/* End PBXProject section */

/* Begin PBXResourcesBuildPhase section */
		868CC13623DDF64900BF603F /* Resources */ = {
			isa = PBXResourcesBuildPhase;
			buildActionMask = 2147483647;
			files = (
				868CC14B23DDF64C00BF603F /* LaunchScreen.storyboard in Resources */,
				868CC14823DDF64C00BF603F /* Assets.xcassets in Resources */,
				868CC14323DDF64900BF603F /* Main.storyboard in Resources */,
			);
			runOnlyForDeploymentPostprocessing = 0;
		};
		868CC14F23DDF64C00BF603F /* Resources */ = {
			isa = PBXResourcesBuildPhase;
			buildActionMask = 2147483647;
			files = (
			);
			runOnlyForDeploymentPostprocessing = 0;
		};
		868CC15A23DDF64C00BF603F /* Resources */ = {
			isa = PBXResourcesBuildPhase;
			buildActionMask = 2147483647;
			files = (
			);
			runOnlyForDeploymentPostprocessing = 0;
		};
/* End PBXResourcesBuildPhase section */

/* Begin PBXShellScriptBuildPhase section */
		0A1D20867735981C8C55BBD3 /* [CP] Embed Pods Frameworks */ = {
			isa = PBXShellScriptBuildPhase;
			buildActionMask = 2147483647;
			files = (
			);
			inputFileListPaths = (
				"${PODS_ROOT}/Target Support Files/Pods-Peggle-PeggleUITests/Pods-Peggle-PeggleUITests-frameworks-${CONFIGURATION}-input-files.xcfilelist",
			);
			name = "[CP] Embed Pods Frameworks";
			outputFileListPaths = (
				"${PODS_ROOT}/Target Support Files/Pods-Peggle-PeggleUITests/Pods-Peggle-PeggleUITests-frameworks-${CONFIGURATION}-output-files.xcfilelist",
			);
			runOnlyForDeploymentPostprocessing = 0;
			shellPath = /bin/sh;
			shellScript = "\"${PODS_ROOT}/Target Support Files/Pods-Peggle-PeggleUITests/Pods-Peggle-PeggleUITests-frameworks.sh\"\n";
			showEnvVarsInLog = 0;
		};
		12D769B5019B245A3B3D38A4 /* [CP] Embed Pods Frameworks */ = {
			isa = PBXShellScriptBuildPhase;
			buildActionMask = 2147483647;
			files = (
			);
			inputFileListPaths = (
				"${PODS_ROOT}/Target Support Files/Pods-Peggle/Pods-Peggle-frameworks-${CONFIGURATION}-input-files.xcfilelist",
			);
			name = "[CP] Embed Pods Frameworks";
			outputFileListPaths = (
				"${PODS_ROOT}/Target Support Files/Pods-Peggle/Pods-Peggle-frameworks-${CONFIGURATION}-output-files.xcfilelist",
			);
			runOnlyForDeploymentPostprocessing = 0;
			shellPath = /bin/sh;
			shellScript = "\"${PODS_ROOT}/Target Support Files/Pods-Peggle/Pods-Peggle-frameworks.sh\"\n";
			showEnvVarsInLog = 0;
		};
		52776F7A4796EAC83C4EE5A7 /* [CP] Check Pods Manifest.lock */ = {
			isa = PBXShellScriptBuildPhase;
			buildActionMask = 2147483647;
			files = (
			);
			inputFileListPaths = (
			);
			inputPaths = (
				"${PODS_PODFILE_DIR_PATH}/Podfile.lock",
				"${PODS_ROOT}/Manifest.lock",
			);
			name = "[CP] Check Pods Manifest.lock";
			outputFileListPaths = (
			);
			outputPaths = (
				"$(DERIVED_FILE_DIR)/Pods-Peggle-PeggleUITests-checkManifestLockResult.txt",
			);
			runOnlyForDeploymentPostprocessing = 0;
			shellPath = /bin/sh;
			shellScript = "diff \"${PODS_PODFILE_DIR_PATH}/Podfile.lock\" \"${PODS_ROOT}/Manifest.lock\" > /dev/null\nif [ $? != 0 ] ; then\n    # print error to STDERR\n    echo \"error: The sandbox is not in sync with the Podfile.lock. Run 'pod install' or update your CocoaPods installation.\" >&2\n    exit 1\nfi\n# This output is used by Xcode 'outputs' to avoid re-running this script phase.\necho \"SUCCESS\" > \"${SCRIPT_OUTPUT_FILE_0}\"\n";
			showEnvVarsInLog = 0;
		};
		611503C02B7B93F11DD1ED77 /* [CP] Check Pods Manifest.lock */ = {
			isa = PBXShellScriptBuildPhase;
			buildActionMask = 2147483647;
			files = (
			);
			inputFileListPaths = (
			);
			inputPaths = (
				"${PODS_PODFILE_DIR_PATH}/Podfile.lock",
				"${PODS_ROOT}/Manifest.lock",
			);
			name = "[CP] Check Pods Manifest.lock";
			outputFileListPaths = (
			);
			outputPaths = (
				"$(DERIVED_FILE_DIR)/Pods-PeggleTests-checkManifestLockResult.txt",
			);
			runOnlyForDeploymentPostprocessing = 0;
			shellPath = /bin/sh;
			shellScript = "diff \"${PODS_PODFILE_DIR_PATH}/Podfile.lock\" \"${PODS_ROOT}/Manifest.lock\" > /dev/null\nif [ $? != 0 ] ; then\n    # print error to STDERR\n    echo \"error: The sandbox is not in sync with the Podfile.lock. Run 'pod install' or update your CocoaPods installation.\" >&2\n    exit 1\nfi\n# This output is used by Xcode 'outputs' to avoid re-running this script phase.\necho \"SUCCESS\" > \"${SCRIPT_OUTPUT_FILE_0}\"\n";
			showEnvVarsInLog = 0;
		};
		749A9330FE77812CDB493080 /* [CP] Check Pods Manifest.lock */ = {
			isa = PBXShellScriptBuildPhase;
			buildActionMask = 2147483647;
			files = (
			);
			inputFileListPaths = (
			);
			inputPaths = (
				"${PODS_PODFILE_DIR_PATH}/Podfile.lock",
				"${PODS_ROOT}/Manifest.lock",
			);
			name = "[CP] Check Pods Manifest.lock";
			outputFileListPaths = (
			);
			outputPaths = (
				"$(DERIVED_FILE_DIR)/Pods-Peggle-checkManifestLockResult.txt",
			);
			runOnlyForDeploymentPostprocessing = 0;
			shellPath = /bin/sh;
			shellScript = "diff \"${PODS_PODFILE_DIR_PATH}/Podfile.lock\" \"${PODS_ROOT}/Manifest.lock\" > /dev/null\nif [ $? != 0 ] ; then\n    # print error to STDERR\n    echo \"error: The sandbox is not in sync with the Podfile.lock. Run 'pod install' or update your CocoaPods installation.\" >&2\n    exit 1\nfi\n# This output is used by Xcode 'outputs' to avoid re-running this script phase.\necho \"SUCCESS\" > \"${SCRIPT_OUTPUT_FILE_0}\"\n";
			showEnvVarsInLog = 0;
		};
		867D2E7323E6C15D004E8DAA /* ShellScript */ = {
			isa = PBXShellScriptBuildPhase;
			buildActionMask = 2147483647;
			files = (
			);
			inputFileListPaths = (
			);
			inputPaths = (
			);
			outputFileListPaths = (
			);
			outputPaths = (
			);
			runOnlyForDeploymentPostprocessing = 0;
			shellPath = /bin/sh;
			shellScript = "\"${PODS_ROOT}/SwiftLint/swiftlint\"\n";
		};
/* End PBXShellScriptBuildPhase section */

/* Begin PBXSourcesBuildPhase section */
		868CC13423DDF64900BF603F /* Sources */ = {
			isa = PBXSourcesBuildPhase;
			buildActionMask = 2147483647;
			files = (
				869A4BE823E83D5100D14975 /* PegType.swift in Sources */,
				8693ADF123DF5A3E00776F93 /* PegControl.swift in Sources */,
				86AAFE7623E5884D00728E75 /* LevelDesignerController+Gesture.swift in Sources */,
				8690BC4F23DF0BA50077F6E6 /* Level.swift in Sources */,
				8690BC4C23DF0B5B0077F6E6 /* Peg.swift in Sources */,
				8693ADF323E1AE5900776F93 /* CGPoint+Distance.swift in Sources */,
				86929AC123E3042F004E76DF /* CGPoint+Hashable.swift in Sources */,
				869A4BEA23E8587600D14975 /* LevelLoaderController.swift in Sources */,
				86C6737123E976F100D5F206 /* LevelDesigner.swift in Sources */,
				86AAFE7423E580B400728E75 /* LevelDesignerController+LevelDelegate.swift in Sources */,
				869A4BDC23E70B9B00D14975 /* PegData.swift in Sources */,
				869A4BE623E82A6B00D14975 /* Dialogs.swift in Sources */,
				869A4BDE23E70BA100D14975 /* LevelData.swift in Sources */,
				86EC417223E4954F00C208A5 /* BiMap.swift in Sources */,
				869A4BE423E74EB300D14975 /* Store.swift in Sources */,
				869A4BEC23E85CE400D14975 /* LevelTableViewCell.swift in Sources */,
				868CC14023DDF64900BF603F /* LevelDesignerController.swift in Sources */,
				868CC13C23DDF64900BF603F /* AppDelegate.swift in Sources */,
				868CC13E23DDF64900BF603F /* SceneDelegate.swift in Sources */,
				86AAFE7223E54B6200728E75 /* Settings.swift in Sources */,
				869A4BE023E70D2F00D14975 /* LevelDelegate.swift in Sources */,
			);
			runOnlyForDeploymentPostprocessing = 0;
		};
		868CC14D23DDF64C00BF603F /* Sources */ = {
			isa = PBXSourcesBuildPhase;
			buildActionMask = 2147483647;
			files = (
				8616479823E9418B00D18CBB /* CGPoint+Distance.swift in Sources */,
				8690BC5023DF0BA50077F6E6 /* Level.swift in Sources */,
				8616479C23E9419000D18CBB /* BiMap.swift in Sources */,
				8616479023E9416000D18CBB /* LevelData.swift in Sources */,
				8616478823E9414800D18CBB /* LevelDelegate.swift in Sources */,
				8616479223E9416200D18CBB /* Store.swift in Sources */,
				8616479623E9417800D18CBB /* Settings.swift in Sources */,
				8616478E23E9415E00D18CBB /* PegData.swift in Sources */,
				8690BC4D23DF0B5B0077F6E6 /* Peg.swift in Sources */,
				8616478B23E9415800D18CBB /* PegType.swift in Sources */,
				868CC15623DDF64C00BF603F /* BiMapTests.swift in Sources */,
			);
			runOnlyForDeploymentPostprocessing = 0;
		};
		868CC15823DDF64C00BF603F /* Sources */ = {
			isa = PBXSourcesBuildPhase;
			buildActionMask = 2147483647;
			files = (
				8616479923E9418C00D18CBB /* CGPoint+Distance.swift in Sources */,
				8616478A23E9415500D18CBB /* Peg.swift in Sources */,
				8616479D23E9419000D18CBB /* BiMap.swift in Sources */,
				8616479123E9416100D18CBB /* LevelData.swift in Sources */,
				868CC16123DDF64C00BF603F /* PeggleUITests.swift in Sources */,
				8616479B23E9418E00D18CBB /* CGPoint+Hashable.swift in Sources */,
				8616479323E9416300D18CBB /* Store.swift in Sources */,
				8616479723E9417A00D18CBB /* Settings.swift in Sources */,
				8616478F23E9415E00D18CBB /* PegData.swift in Sources */,
				8616478C23E9415800D18CBB /* PegType.swift in Sources */,
				8616478D23E9415B00D18CBB /* Level.swift in Sources */,
				8616478923E9414800D18CBB /* LevelDelegate.swift in Sources */,
			);
			runOnlyForDeploymentPostprocessing = 0;
		};
/* End PBXSourcesBuildPhase section */

/* Begin PBXTargetDependency section */
		868CC15323DDF64C00BF603F /* PBXTargetDependency */ = {
			isa = PBXTargetDependency;
			target = 868CC13723DDF64900BF603F /* Peggle */;
			targetProxy = 868CC15223DDF64C00BF603F /* PBXContainerItemProxy */;
		};
		868CC15E23DDF64C00BF603F /* PBXTargetDependency */ = {
			isa = PBXTargetDependency;
			target = 868CC13723DDF64900BF603F /* Peggle */;
			targetProxy = 868CC15D23DDF64C00BF603F /* PBXContainerItemProxy */;
		};
/* End PBXTargetDependency section */

/* Begin PBXVariantGroup section */
		868CC14123DDF64900BF603F /* Main.storyboard */ = {
			isa = PBXVariantGroup;
			children = (
				868CC14223DDF64900BF603F /* Base */,
			);
			name = Main.storyboard;
			sourceTree = "<group>";
		};
		868CC14923DDF64C00BF603F /* LaunchScreen.storyboard */ = {
			isa = PBXVariantGroup;
			children = (
				868CC14A23DDF64C00BF603F /* Base */,
			);
			name = LaunchScreen.storyboard;
			sourceTree = "<group>";
		};
/* End PBXVariantGroup section */

/* Begin XCBuildConfiguration section */
		868CC16323DDF64C00BF603F /* Debug */ = {
			isa = XCBuildConfiguration;
			buildSettings = {
				ALWAYS_SEARCH_USER_PATHS = NO;
				CLANG_ANALYZER_NONNULL = YES;
				CLANG_ANALYZER_NUMBER_OBJECT_CONVERSION = YES_AGGRESSIVE;
				CLANG_CXX_LANGUAGE_STANDARD = "gnu++14";
				CLANG_CXX_LIBRARY = "libc++";
				CLANG_ENABLE_MODULES = YES;
				CLANG_ENABLE_OBJC_ARC = YES;
				CLANG_ENABLE_OBJC_WEAK = YES;
				CLANG_WARN_BLOCK_CAPTURE_AUTORELEASING = YES;
				CLANG_WARN_BOOL_CONVERSION = YES;
				CLANG_WARN_COMMA = YES;
				CLANG_WARN_CONSTANT_CONVERSION = YES;
				CLANG_WARN_DEPRECATED_OBJC_IMPLEMENTATIONS = YES;
				CLANG_WARN_DIRECT_OBJC_ISA_USAGE = YES_ERROR;
				CLANG_WARN_DOCUMENTATION_COMMENTS = YES;
				CLANG_WARN_EMPTY_BODY = YES;
				CLANG_WARN_ENUM_CONVERSION = YES;
				CLANG_WARN_INFINITE_RECURSION = YES;
				CLANG_WARN_INT_CONVERSION = YES;
				CLANG_WARN_NON_LITERAL_NULL_CONVERSION = YES;
				CLANG_WARN_OBJC_IMPLICIT_RETAIN_SELF = YES;
				CLANG_WARN_OBJC_LITERAL_CONVERSION = YES;
				CLANG_WARN_OBJC_ROOT_CLASS = YES_ERROR;
				CLANG_WARN_RANGE_LOOP_ANALYSIS = YES;
				CLANG_WARN_STRICT_PROTOTYPES = YES;
				CLANG_WARN_SUSPICIOUS_MOVE = YES;
				CLANG_WARN_UNGUARDED_AVAILABILITY = YES_AGGRESSIVE;
				CLANG_WARN_UNREACHABLE_CODE = YES;
				CLANG_WARN__DUPLICATE_METHOD_MATCH = YES;
				COPY_PHASE_STRIP = NO;
				DEBUG_INFORMATION_FORMAT = dwarf;
				ENABLE_STRICT_OBJC_MSGSEND = YES;
				ENABLE_TESTABILITY = YES;
				GCC_C_LANGUAGE_STANDARD = gnu11;
				GCC_DYNAMIC_NO_PIC = NO;
				GCC_NO_COMMON_BLOCKS = YES;
				GCC_OPTIMIZATION_LEVEL = 0;
				GCC_PREPROCESSOR_DEFINITIONS = (
					"DEBUG=1",
					"$(inherited)",
				);
				GCC_WARN_64_TO_32_BIT_CONVERSION = YES;
				GCC_WARN_ABOUT_RETURN_TYPE = YES_ERROR;
				GCC_WARN_UNDECLARED_SELECTOR = YES;
				GCC_WARN_UNINITIALIZED_AUTOS = YES_AGGRESSIVE;
				GCC_WARN_UNUSED_FUNCTION = YES;
				GCC_WARN_UNUSED_VARIABLE = YES;
				IPHONEOS_DEPLOYMENT_TARGET = 13.2;
				MTL_ENABLE_DEBUG_INFO = INCLUDE_SOURCE;
				MTL_FAST_MATH = YES;
				ONLY_ACTIVE_ARCH = YES;
				SDKROOT = iphoneos;
				SWIFT_ACTIVE_COMPILATION_CONDITIONS = DEBUG;
				SWIFT_OPTIMIZATION_LEVEL = "-Onone";
			};
			name = Debug;
		};
		868CC16423DDF64C00BF603F /* Release */ = {
			isa = XCBuildConfiguration;
			buildSettings = {
				ALWAYS_SEARCH_USER_PATHS = NO;
				CLANG_ANALYZER_NONNULL = YES;
				CLANG_ANALYZER_NUMBER_OBJECT_CONVERSION = YES_AGGRESSIVE;
				CLANG_CXX_LANGUAGE_STANDARD = "gnu++14";
				CLANG_CXX_LIBRARY = "libc++";
				CLANG_ENABLE_MODULES = YES;
				CLANG_ENABLE_OBJC_ARC = YES;
				CLANG_ENABLE_OBJC_WEAK = YES;
				CLANG_WARN_BLOCK_CAPTURE_AUTORELEASING = YES;
				CLANG_WARN_BOOL_CONVERSION = YES;
				CLANG_WARN_COMMA = YES;
				CLANG_WARN_CONSTANT_CONVERSION = YES;
				CLANG_WARN_DEPRECATED_OBJC_IMPLEMENTATIONS = YES;
				CLANG_WARN_DIRECT_OBJC_ISA_USAGE = YES_ERROR;
				CLANG_WARN_DOCUMENTATION_COMMENTS = YES;
				CLANG_WARN_EMPTY_BODY = YES;
				CLANG_WARN_ENUM_CONVERSION = YES;
				CLANG_WARN_INFINITE_RECURSION = YES;
				CLANG_WARN_INT_CONVERSION = YES;
				CLANG_WARN_NON_LITERAL_NULL_CONVERSION = YES;
				CLANG_WARN_OBJC_IMPLICIT_RETAIN_SELF = YES;
				CLANG_WARN_OBJC_LITERAL_CONVERSION = YES;
				CLANG_WARN_OBJC_ROOT_CLASS = YES_ERROR;
				CLANG_WARN_RANGE_LOOP_ANALYSIS = YES;
				CLANG_WARN_STRICT_PROTOTYPES = YES;
				CLANG_WARN_SUSPICIOUS_MOVE = YES;
				CLANG_WARN_UNGUARDED_AVAILABILITY = YES_AGGRESSIVE;
				CLANG_WARN_UNREACHABLE_CODE = YES;
				CLANG_WARN__DUPLICATE_METHOD_MATCH = YES;
				COPY_PHASE_STRIP = NO;
				DEBUG_INFORMATION_FORMAT = "dwarf-with-dsym";
				ENABLE_NS_ASSERTIONS = NO;
				ENABLE_STRICT_OBJC_MSGSEND = YES;
				GCC_C_LANGUAGE_STANDARD = gnu11;
				GCC_NO_COMMON_BLOCKS = YES;
				GCC_WARN_64_TO_32_BIT_CONVERSION = YES;
				GCC_WARN_ABOUT_RETURN_TYPE = YES_ERROR;
				GCC_WARN_UNDECLARED_SELECTOR = YES;
				GCC_WARN_UNINITIALIZED_AUTOS = YES_AGGRESSIVE;
				GCC_WARN_UNUSED_FUNCTION = YES;
				GCC_WARN_UNUSED_VARIABLE = YES;
				IPHONEOS_DEPLOYMENT_TARGET = 13.2;
				MTL_ENABLE_DEBUG_INFO = NO;
				MTL_FAST_MATH = YES;
				SDKROOT = iphoneos;
				SWIFT_COMPILATION_MODE = wholemodule;
				SWIFT_OPTIMIZATION_LEVEL = "-O";
				VALIDATE_PRODUCT = YES;
			};
			name = Release;
		};
		868CC16623DDF64C00BF603F /* Debug */ = {
			isa = XCBuildConfiguration;
			baseConfigurationReference = BB0C4C841C90BA92A2A72BA7 /* Pods-Peggle.debug.xcconfig */;
			buildSettings = {
				ASSETCATALOG_COMPILER_APPICON_NAME = AppIcon;
				CODE_SIGN_STYLE = Automatic;
				DEVELOPMENT_TEAM = GLF5FGPT59;
				INFOPLIST_FILE = Peggle/Info.plist;
				LD_RUNPATH_SEARCH_PATHS = (
					"$(inherited)",
					"@executable_path/Frameworks",
				);
				PRODUCT_BUNDLE_IDENTIFIER = sg.shawnkoh.Peggle;
				PRODUCT_NAME = "$(TARGET_NAME)";
				SWIFT_VERSION = 5.0;
				TARGETED_DEVICE_FAMILY = "1,2";
			};
			name = Debug;
		};
		868CC16723DDF64C00BF603F /* Release */ = {
			isa = XCBuildConfiguration;
			baseConfigurationReference = 8F814961264A38C4B605BE35 /* Pods-Peggle.release.xcconfig */;
			buildSettings = {
				ASSETCATALOG_COMPILER_APPICON_NAME = AppIcon;
				CODE_SIGN_STYLE = Automatic;
				DEVELOPMENT_TEAM = GLF5FGPT59;
				INFOPLIST_FILE = Peggle/Info.plist;
				LD_RUNPATH_SEARCH_PATHS = (
					"$(inherited)",
					"@executable_path/Frameworks",
				);
				PRODUCT_BUNDLE_IDENTIFIER = sg.shawnkoh.Peggle;
				PRODUCT_NAME = "$(TARGET_NAME)";
				SWIFT_VERSION = 5.0;
				TARGETED_DEVICE_FAMILY = "1,2";
			};
			name = Release;
		};
		868CC16923DDF64C00BF603F /* Debug */ = {
			isa = XCBuildConfiguration;
			baseConfigurationReference = 1E1E616C7BD9C8A00AAEC886 /* Pods-PeggleTests.debug.xcconfig */;
			buildSettings = {
				BUNDLE_LOADER = "$(TEST_HOST)";
				CODE_SIGN_STYLE = Automatic;
				DEVELOPMENT_TEAM = GLF5FGPT59;
				INFOPLIST_FILE = PeggleTests/Info.plist;
				IPHONEOS_DEPLOYMENT_TARGET = 13.2;
				LD_RUNPATH_SEARCH_PATHS = (
					"$(inherited)",
					"@executable_path/Frameworks",
					"@loader_path/Frameworks",
				);
				PRODUCT_BUNDLE_IDENTIFIER = sg.shawnkoh.PeggleTests;
				PRODUCT_NAME = "$(TARGET_NAME)";
				SWIFT_VERSION = 5.0;
				TARGETED_DEVICE_FAMILY = "1,2";
				TEST_HOST = "$(BUILT_PRODUCTS_DIR)/Peggle.app/Peggle";
			};
			name = Debug;
		};
		868CC16A23DDF64C00BF603F /* Release */ = {
			isa = XCBuildConfiguration;
			baseConfigurationReference = C4E486D23BAD4AB714FDED61 /* Pods-PeggleTests.release.xcconfig */;
			buildSettings = {
				BUNDLE_LOADER = "$(TEST_HOST)";
				CODE_SIGN_STYLE = Automatic;
				DEVELOPMENT_TEAM = GLF5FGPT59;
				INFOPLIST_FILE = PeggleTests/Info.plist;
				IPHONEOS_DEPLOYMENT_TARGET = 13.2;
				LD_RUNPATH_SEARCH_PATHS = (
					"$(inherited)",
					"@executable_path/Frameworks",
					"@loader_path/Frameworks",
				);
				PRODUCT_BUNDLE_IDENTIFIER = sg.shawnkoh.PeggleTests;
				PRODUCT_NAME = "$(TARGET_NAME)";
				SWIFT_VERSION = 5.0;
				TARGETED_DEVICE_FAMILY = "1,2";
				TEST_HOST = "$(BUILT_PRODUCTS_DIR)/Peggle.app/Peggle";
			};
			name = Release;
		};
		868CC16C23DDF64C00BF603F /* Debug */ = {
			isa = XCBuildConfiguration;
			baseConfigurationReference = C108F7C5B54823866A12EB3E /* Pods-Peggle-PeggleUITests.debug.xcconfig */;
			buildSettings = {
				ALWAYS_EMBED_SWIFT_STANDARD_LIBRARIES = YES;
				CODE_SIGN_STYLE = Automatic;
				DEVELOPMENT_TEAM = GLF5FGPT59;
				INFOPLIST_FILE = PeggleUITests/Info.plist;
				LD_RUNPATH_SEARCH_PATHS = (
					"$(inherited)",
					"@executable_path/Frameworks",
					"@loader_path/Frameworks",
				);
				PRODUCT_BUNDLE_IDENTIFIER = sg.shawnkoh.PeggleUITests;
				PRODUCT_NAME = "$(TARGET_NAME)";
				SWIFT_VERSION = 5.0;
				TARGETED_DEVICE_FAMILY = "1,2";
				TEST_TARGET_NAME = Peggle;
			};
			name = Debug;
		};
		868CC16D23DDF64C00BF603F /* Release */ = {
			isa = XCBuildConfiguration;
			baseConfigurationReference = E3BCB5A9985BC273BDA37AEF /* Pods-Peggle-PeggleUITests.release.xcconfig */;
			buildSettings = {
				ALWAYS_EMBED_SWIFT_STANDARD_LIBRARIES = YES;
				CODE_SIGN_STYLE = Automatic;
				DEVELOPMENT_TEAM = GLF5FGPT59;
				INFOPLIST_FILE = PeggleUITests/Info.plist;
				LD_RUNPATH_SEARCH_PATHS = (
					"$(inherited)",
					"@executable_path/Frameworks",
					"@loader_path/Frameworks",
				);
				PRODUCT_BUNDLE_IDENTIFIER = sg.shawnkoh.PeggleUITests;
				PRODUCT_NAME = "$(TARGET_NAME)";
				SWIFT_VERSION = 5.0;
				TARGETED_DEVICE_FAMILY = "1,2";
				TEST_TARGET_NAME = Peggle;
			};
			name = Release;
		};
/* End XCBuildConfiguration section */

/* Begin XCConfigurationList section */
		868CC13323DDF64900BF603F /* Build configuration list for PBXProject "Peggle" */ = {
			isa = XCConfigurationList;
			buildConfigurations = (
				868CC16323DDF64C00BF603F /* Debug */,
				868CC16423DDF64C00BF603F /* Release */,
			);
			defaultConfigurationIsVisible = 0;
			defaultConfigurationName = Release;
		};
		868CC16523DDF64C00BF603F /* Build configuration list for PBXNativeTarget "Peggle" */ = {
			isa = XCConfigurationList;
			buildConfigurations = (
				868CC16623DDF64C00BF603F /* Debug */,
				868CC16723DDF64C00BF603F /* Release */,
			);
			defaultConfigurationIsVisible = 0;
			defaultConfigurationName = Release;
		};
		868CC16823DDF64C00BF603F /* Build configuration list for PBXNativeTarget "PeggleTests" */ = {
			isa = XCConfigurationList;
			buildConfigurations = (
				868CC16923DDF64C00BF603F /* Debug */,
				868CC16A23DDF64C00BF603F /* Release */,
			);
			defaultConfigurationIsVisible = 0;
			defaultConfigurationName = Release;
		};
		868CC16B23DDF64C00BF603F /* Build configuration list for PBXNativeTarget "PeggleUITests" */ = {
			isa = XCConfigurationList;
			buildConfigurations = (
				868CC16C23DDF64C00BF603F /* Debug */,
				868CC16D23DDF64C00BF603F /* Release */,
			);
			defaultConfigurationIsVisible = 0;
			defaultConfigurationName = Release;
		};
/* End XCConfigurationList section */
	};
	rootObject = 868CC13023DDF64900BF603F /* Project object */;
}
